
Microsoft Visual Studio Solution File, Format Version 12.00
# Visual Studio Version 17
VisualStudioVersion = 17.11.35222.181
MinimumVisualStudioVersion = 10.0.40219.1
Project("{FAE04EC0-301F-11D3-BF4B-00C04F79EFBC}") = "LabWork6", "LabWork6.csproj", "{699A5C7D-DEEA-4B40-865B-F9FE8FC9B51A}"
EndProject
Global
	GlobalSection(SolutionConfigurationPlatforms) = preSolution
		Debug|Any CPU = Debug|Any CPU
		Release|Any CPU = Release|Any CPU
	EndGlobalSection
	GlobalSection(ProjectConfigurationPlatforms) = postSolution
		{699A5C7D-DEEA-4B40-865B-F9FE8FC9B51A}.Debug|Any CPU.ActiveCfg = Debug|Any CPU
		{699A5C7D-DEEA-4B40-865B-F9FE8FC9B51A}.Debug|Any CPU.Build.0 = Debug|Any CPU
		{699A5C7D-DEEA-4B40-865B-F9FE8FC9B51A}.Release|Any CPU.ActiveCfg = Release|Any CPU
		{699A5C7D-DEEA-4B40-865B-F9FE8FC9B51A}.Release|Any CPU.Build.0 = Release|Any CPU
	EndGlobalSection
	GlobalSection(SolutionProperties) = preSolution
		HideSolutionNode = FALSE
	EndGlobalSection
	GlobalSection(ExtensibilityGlobals) = postSolution
		SolutionGuid = {2BCDC39D-1710-4E89-8ED0-04704F184659}
	EndGlobalSection
EndGlobal
