
Microsoft Visual Studio Solution File, Format Version 12.00
# Visual Studio Version 17
VisualStudioVersion = 17.11.35222.181
MinimumVisualStudioVersion = 10.0.40219.1
Project("{FAE04EC0-301F-11D3-BF4B-00C04F79EFBC}") = "LabWork5", "LabWork5.csproj", "{BBDA4F7E-E032-49D4-A738-6819F9E85A25}"
EndProject
Global
	GlobalSection(SolutionConfigurationPlatforms) = preSolution
		Debug|Any CPU = Debug|Any CPU
		Release|Any CPU = Release|Any CPU
	EndGlobalSection
	GlobalSection(ProjectConfigurationPlatforms) = postSolution
		{BBDA4F7E-E032-49D4-A738-6819F9E85A25}.Debug|Any CPU.ActiveCfg = Debug|Any CPU
		{BBDA4F7E-E032-49D4-A738-6819F9E85A25}.Debug|Any CPU.Build.0 = Debug|Any CPU
		{BBDA4F7E-E032-49D4-A738-6819F9E85A25}.Release|Any CPU.ActiveCfg = Release|Any CPU
		{BBDA4F7E-E032-49D4-A738-6819F9E85A25}.Release|Any CPU.Build.0 = Release|Any CPU
	EndGlobalSection
	GlobalSection(SolutionProperties) = preSolution
		HideSolutionNode = FALSE
	EndGlobalSection
	GlobalSection(ExtensibilityGlobals) = postSolution
		SolutionGuid = {AF781A78-0BE5-420F-A2FE-E45256A80617}
	EndGlobalSection
EndGlobal
