
Microsoft Visual Studio Solution File, Format Version 12.00
# Visual Studio Version 17
VisualStudioVersion = 17.11.35222.181
MinimumVisualStudioVersion = 10.0.40219.1
Project("{FAE04EC0-301F-11D3-BF4B-00C04F79EFBC}") = "LabWork4", "LabWork4.csproj", "{B9618A62-38C4-49FB-B8FB-B8B4C1109164}"
EndProject
Global
	GlobalSection(SolutionConfigurationPlatforms) = preSolution
		Debug|Any CPU = Debug|Any CPU
		Release|Any CPU = Release|Any CPU
	EndGlobalSection
	GlobalSection(ProjectConfigurationPlatforms) = postSolution
		{B9618A62-38C4-49FB-B8FB-B8B4C1109164}.Debug|Any CPU.ActiveCfg = Debug|Any CPU
		{B9618A62-38C4-49FB-B8FB-B8B4C1109164}.Debug|Any CPU.Build.0 = Debug|Any CPU
		{B9618A62-38C4-49FB-B8FB-B8B4C1109164}.Release|Any CPU.ActiveCfg = Release|Any CPU
		{B9618A62-38C4-49FB-B8FB-B8B4C1109164}.Release|Any CPU.Build.0 = Release|Any CPU
	EndGlobalSection
	GlobalSection(SolutionProperties) = preSolution
		HideSolutionNode = FALSE
	EndGlobalSection
	GlobalSection(ExtensibilityGlobals) = postSolution
		SolutionGuid = {D9A9A9CE-B6DF-40CD-9683-3D4E1AAC411E}
	EndGlobalSection
EndGlobal
